
Microsoft Visual Studio Solution File, Format Version 12.00
# Visual Studio Version 17
VisualStudioVersion = 17.9.34728.123
MinimumVisualStudioVersion = 10.0.40219.1
Project("{9A19103F-16F7-4668-BE54-9A1E7A4F7556}") = "UserManagment", "UserManagment\UserManagment.csproj", "{24D02D62-A953-4EEA-A99E-DC59090E7D50}"
EndProject
Project("{9A19103F-16F7-4668-BE54-9A1E7A4F7556}") = "Entities", "Entities\Entities.csproj", "{C0D52223-39A8-4BF6-8CE3-3DD5FC6CB7E1}"
EndProject
Project("{9A19103F-16F7-4668-BE54-9A1E7A4F7556}") = "ServiceContracts", "ServiceContracts\ServiceContracts.csproj", "{C730B466-7146-4083-BC88-76FBFB2A1267}"
EndProject
Project("{FAE04EC0-301F-11D3-BF4B-00C04F79EFBC}") = "UserManagment.Tests.Unit", "UserManagment.Tests.Unit\UserManagment.Tests.Unit.csproj", "{D98BDB72-7A63-48C3-838F-A8700EB3B9C8}"
EndProject
Project("{FAE04EC0-301F-11D3-BF4B-00C04F79EFBC}") = "Services", "Services\Services.csproj", "{7519B66C-E231-4DF7-9D23-832F230AFEBC}"
EndProject
Global
	GlobalSection(SolutionConfigurationPlatforms) = preSolution
		Debug|Any CPU = Debug|Any CPU
		Release|Any CPU = Release|Any CPU
	EndGlobalSection
	GlobalSection(ProjectConfigurationPlatforms) = postSolution
		{24D02D62-A953-4EEA-A99E-DC59090E7D50}.Debug|Any CPU.ActiveCfg = Debug|Any CPU
		{24D02D62-A953-4EEA-A99E-DC59090E7D50}.Debug|Any CPU.Build.0 = Debug|Any CPU
		{24D02D62-A953-4EEA-A99E-DC59090E7D50}.Release|Any CPU.ActiveCfg = Release|Any CPU
		{24D02D62-A953-4EEA-A99E-DC59090E7D50}.Release|Any CPU.Build.0 = Release|Any CPU
		{C0D52223-39A8-4BF6-8CE3-3DD5FC6CB7E1}.Debug|Any CPU.ActiveCfg = Debug|Any CPU
		{C0D52223-39A8-4BF6-8CE3-3DD5FC6CB7E1}.Debug|Any CPU.Build.0 = Debug|Any CPU
		{C0D52223-39A8-4BF6-8CE3-3DD5FC6CB7E1}.Release|Any CPU.ActiveCfg = Release|Any CPU
		{C0D52223-39A8-4BF6-8CE3-3DD5FC6CB7E1}.Release|Any CPU.Build.0 = Release|Any CPU
		{C730B466-7146-4083-BC88-76FBFB2A1267}.Debug|Any CPU.ActiveCfg = Debug|Any CPU
		{C730B466-7146-4083-BC88-76FBFB2A1267}.Debug|Any CPU.Build.0 = Debug|Any CPU
		{C730B466-7146-4083-BC88-76FBFB2A1267}.Release|Any CPU.ActiveCfg = Release|Any CPU
		{C730B466-7146-4083-BC88-76FBFB2A1267}.Release|Any CPU.Build.0 = Release|Any CPU
		{D98BDB72-7A63-48C3-838F-A8700EB3B9C8}.Debug|Any CPU.ActiveCfg = Debug|Any CPU
		{D98BDB72-7A63-48C3-838F-A8700EB3B9C8}.Debug|Any CPU.Build.0 = Debug|Any CPU
		{D98BDB72-7A63-48C3-838F-A8700EB3B9C8}.Release|Any CPU.ActiveCfg = Release|Any CPU
		{D98BDB72-7A63-48C3-838F-A8700EB3B9C8}.Release|Any CPU.Build.0 = Release|Any CPU
		{7519B66C-E231-4DF7-9D23-832F230AFEBC}.Debug|Any CPU.ActiveCfg = Debug|Any CPU
		{7519B66C-E231-4DF7-9D23-832F230AFEBC}.Debug|Any CPU.Build.0 = Debug|Any CPU
		{7519B66C-E231-4DF7-9D23-832F230AFEBC}.Release|Any CPU.ActiveCfg = Release|Any CPU
		{7519B66C-E231-4DF7-9D23-832F230AFEBC}.Release|Any CPU.Build.0 = Release|Any CPU
	EndGlobalSection
	GlobalSection(SolutionProperties) = preSolution
		HideSolutionNode = FALSE
	EndGlobalSection
	GlobalSection(ExtensibilityGlobals) = postSolution
		SolutionGuid = {054FFC91-EA9E-481A-8F12-382B627D265F}
	EndGlobalSection
EndGlobal
